
Microsoft Visual Studio Solution File, Format Version 12.00
# Visual Studio 15
VisualStudioVersion = 15.0.28010.2003
MinimumVisualStudioVersion = 10.0.40219.1
Project("{FAE04EC0-301F-11D3-BF4B-00C04F79EFBC}") = "CG4-2", "CG4-2\CG4-2.csproj", "{CE6801D7-4C4F-455C-AD87-DE3C92F89383}"
EndProject
Global
	GlobalSection(SolutionConfigurationPlatforms) = preSolution
		Debug|Any CPU = Debug|Any CPU
		Release|Any CPU = Release|Any CPU
	EndGlobalSection
	GlobalSection(ProjectConfigurationPlatforms) = postSolution
		{CE6801D7-4C4F-455C-AD87-DE3C92F89383}.Debug|Any CPU.ActiveCfg = Debug|Any CPU
		{CE6801D7-4C4F-455C-AD87-DE3C92F89383}.Debug|Any CPU.Build.0 = Debug|Any CPU
		{CE6801D7-4C4F-455C-AD87-DE3C92F89383}.Release|Any CPU.ActiveCfg = Release|Any CPU
		{CE6801D7-4C4F-455C-AD87-DE3C92F89383}.Release|Any CPU.Build.0 = Release|Any CPU
	EndGlobalSection
	GlobalSection(SolutionProperties) = preSolution
		HideSolutionNode = FALSE
	EndGlobalSection
	GlobalSection(ExtensibilityGlobals) = postSolution
		SolutionGuid = {A0C5B88A-13AC-47E0-9311-929AD9742DB2}
	EndGlobalSection
EndGlobal
